
Microsoft Visual Studio Solution File, Format Version 12.00
Project("{FAE04EC0-301F-11D3-BF4B-00C04F79EFBC}") = "OIT_Lab_3", "OIT_Lab_3\OIT_Lab_3.csproj", "{11321AD2-A873-4FDB-893C-A12BFCA1EA14}"
EndProject
Global
	GlobalSection(SolutionConfigurationPlatforms) = preSolution
		Debug|Any CPU = Debug|Any CPU
		Release|Any CPU = Release|Any CPU
	EndGlobalSection
	GlobalSection(ProjectConfigurationPlatforms) = postSolution
		{11321AD2-A873-4FDB-893C-A12BFCA1EA14}.Debug|Any CPU.ActiveCfg = Debug|Any CPU
		{11321AD2-A873-4FDB-893C-A12BFCA1EA14}.Debug|Any CPU.Build.0 = Debug|Any CPU
		{11321AD2-A873-4FDB-893C-A12BFCA1EA14}.Release|Any CPU.ActiveCfg = Release|Any CPU
		{11321AD2-A873-4FDB-893C-A12BFCA1EA14}.Release|Any CPU.Build.0 = Release|Any CPU
	EndGlobalSection
EndGlobal
